
Microsoft Visual Studio Solution File, Format Version 12.00
# Visual Studio Version 16
VisualStudioVersion = 16.0.30804.86
MinimumVisualStudioVersion = 10.0.40219.1
Project("{9A19103F-16F7-4668-BE54-9A1E7A4F7556}") = "OOP1", "OOP1\OOP1.csproj", "{42707BA4-B416-4C16-BCE5-0C2E0F69317C}"
EndProject
Project("{9A19103F-16F7-4668-BE54-9A1E7A4F7556}") = "Koleksiyonlar", "Koleksiyonlar\Koleksiyonlar.csproj", "{991BA57D-C8F4-469C-8079-C671AAFBD591}"
EndProject
Project("{9A19103F-16F7-4668-BE54-9A1E7A4F7556}") = "GenericsIntro", "GenericsIntro\GenericsIntro.csproj", "{1231003A-5B4E-4D38-89F0-B0DEAC36F1AA}"
EndProject
Project("{FAE04EC0-301F-11D3-BF4B-00C04F79EFBC}") = "OOP2", "OOP2\OOP2.csproj", "{969B770B-6CD7-4BC7-A898-00E41492C8A9}"
EndProject
Project("{FAE04EC0-301F-11D3-BF4B-00C04F79EFBC}") = "OOP3", "OOP3\OOP3.csproj", "{0A56AE47-172B-472A-BBD7-E2A54D0594B0}"
EndProject
Global
	GlobalSection(SolutionConfigurationPlatforms) = preSolution
		Debug|Any CPU = Debug|Any CPU
		Release|Any CPU = Release|Any CPU
	EndGlobalSection
	GlobalSection(ProjectConfigurationPlatforms) = postSolution
		{42707BA4-B416-4C16-BCE5-0C2E0F69317C}.Debug|Any CPU.ActiveCfg = Debug|Any CPU
		{42707BA4-B416-4C16-BCE5-0C2E0F69317C}.Debug|Any CPU.Build.0 = Debug|Any CPU
		{42707BA4-B416-4C16-BCE5-0C2E0F69317C}.Release|Any CPU.ActiveCfg = Release|Any CPU
		{42707BA4-B416-4C16-BCE5-0C2E0F69317C}.Release|Any CPU.Build.0 = Release|Any CPU
		{991BA57D-C8F4-469C-8079-C671AAFBD591}.Debug|Any CPU.ActiveCfg = Debug|Any CPU
		{991BA57D-C8F4-469C-8079-C671AAFBD591}.Debug|Any CPU.Build.0 = Debug|Any CPU
		{991BA57D-C8F4-469C-8079-C671AAFBD591}.Release|Any CPU.ActiveCfg = Release|Any CPU
		{991BA57D-C8F4-469C-8079-C671AAFBD591}.Release|Any CPU.Build.0 = Release|Any CPU
		{1231003A-5B4E-4D38-89F0-B0DEAC36F1AA}.Debug|Any CPU.ActiveCfg = Debug|Any CPU
		{1231003A-5B4E-4D38-89F0-B0DEAC36F1AA}.Debug|Any CPU.Build.0 = Debug|Any CPU
		{1231003A-5B4E-4D38-89F0-B0DEAC36F1AA}.Release|Any CPU.ActiveCfg = Release|Any CPU
		{1231003A-5B4E-4D38-89F0-B0DEAC36F1AA}.Release|Any CPU.Build.0 = Release|Any CPU
		{969B770B-6CD7-4BC7-A898-00E41492C8A9}.Debug|Any CPU.ActiveCfg = Debug|Any CPU
		{969B770B-6CD7-4BC7-A898-00E41492C8A9}.Debug|Any CPU.Build.0 = Debug|Any CPU
		{969B770B-6CD7-4BC7-A898-00E41492C8A9}.Release|Any CPU.ActiveCfg = Release|Any CPU
		{969B770B-6CD7-4BC7-A898-00E41492C8A9}.Release|Any CPU.Build.0 = Release|Any CPU
		{0A56AE47-172B-472A-BBD7-E2A54D0594B0}.Debug|Any CPU.ActiveCfg = Debug|Any CPU
		{0A56AE47-172B-472A-BBD7-E2A54D0594B0}.Debug|Any CPU.Build.0 = Debug|Any CPU
		{0A56AE47-172B-472A-BBD7-E2A54D0594B0}.Release|Any CPU.ActiveCfg = Release|Any CPU
		{0A56AE47-172B-472A-BBD7-E2A54D0594B0}.Release|Any CPU.Build.0 = Release|Any CPU
	EndGlobalSection
	GlobalSection(SolutionProperties) = preSolution
		HideSolutionNode = FALSE
	EndGlobalSection
	GlobalSection(ExtensibilityGlobals) = postSolution
		SolutionGuid = {59C48CD3-C93B-4395-867E-60000A62FB77}
	EndGlobalSection
EndGlobal
